
Microsoft Visual Studio Solution File, Format Version 12.00
Project("{FAE04EC0-301F-11D3-BF4B-00C04F79EFBC}") = "Presentation", "src\Presentation\Presentation.csproj", "{20237DE3-3387-47DC-B8FD-C2AFBB33E27F}"
EndProject
Project("{2150E333-8FDC-42A3-9474-1A3956D46DE8}") = "src", "src", "{4C907F19-F646-495E-AC43-4E896A5B3DFB}"
EndProject
Project("{2150E333-8FDC-42A3-9474-1A3956D46DE8}") = "tests", "tests", "{DC8E0360-B649-4846-A5F1-A4215211501F}"
EndProject
Project("{FAE04EC0-301F-11D3-BF4B-00C04F79EFBC}") = "Core", "src\Core\Core.csproj", "{CB841C4A-7D12-452C-B13C-31CCDEF6ECE3}"
EndProject
Project("{FAE04EC0-301F-11D3-BF4B-00C04F79EFBC}") = "UnitTests", "tests\UnitTests\UnitTests.csproj", "{D086C732-E518-4CF2-842C-A583ABB4BD60}"
EndProject
Project("{FAE04EC0-301F-11D3-BF4B-00C04F79EFBC}") = "Infrastructure", "src\Infrastructure\Infrastructure.csproj", "{EC3352BB-B96C-40E4-9C77-41C135954C88}"
EndProject
Project("{2150E333-8FDC-42A3-9474-1A3956D46DE8}") = "Solution Items", "Solution Items", "{4B90145B-A69F-4320-97C9-E162E31AE261}"
	ProjectSection(SolutionItems) = preProject
		.gitignore = .gitignore
		Directory.Packages.props = Directory.Packages.props
		README.md = README.md
		docker-compose.yaml = docker-compose.yaml
	EndProjectSection
EndProject
Project("{FAE04EC0-301F-11D3-BF4B-00C04F79EFBC}") = "BehaviouralTests", "tests\BehaviouralTests\BehaviouralTests.csproj", "{D674AB5C-364E-41B8-B34A-1D9A56F708A2}"
EndProject
Global
	GlobalSection(SolutionConfigurationPlatforms) = preSolution
		Debug|Any CPU = Debug|Any CPU
		Release|Any CPU = Release|Any CPU
	EndGlobalSection
	GlobalSection(ProjectConfigurationPlatforms) = postSolution
		{20237DE3-3387-47DC-B8FD-C2AFBB33E27F}.Debug|Any CPU.ActiveCfg = Debug|Any CPU
		{20237DE3-3387-47DC-B8FD-C2AFBB33E27F}.Debug|Any CPU.Build.0 = Debug|Any CPU
		{20237DE3-3387-47DC-B8FD-C2AFBB33E27F}.Release|Any CPU.ActiveCfg = Release|Any CPU
		{20237DE3-3387-47DC-B8FD-C2AFBB33E27F}.Release|Any CPU.Build.0 = Release|Any CPU
		{CB841C4A-7D12-452C-B13C-31CCDEF6ECE3}.Debug|Any CPU.ActiveCfg = Debug|Any CPU
		{CB841C4A-7D12-452C-B13C-31CCDEF6ECE3}.Debug|Any CPU.Build.0 = Debug|Any CPU
		{CB841C4A-7D12-452C-B13C-31CCDEF6ECE3}.Release|Any CPU.ActiveCfg = Release|Any CPU
		{CB841C4A-7D12-452C-B13C-31CCDEF6ECE3}.Release|Any CPU.Build.0 = Release|Any CPU
		{D086C732-E518-4CF2-842C-A583ABB4BD60}.Debug|Any CPU.ActiveCfg = Debug|Any CPU
		{D086C732-E518-4CF2-842C-A583ABB4BD60}.Debug|Any CPU.Build.0 = Debug|Any CPU
		{D086C732-E518-4CF2-842C-A583ABB4BD60}.Release|Any CPU.ActiveCfg = Release|Any CPU
		{D086C732-E518-4CF2-842C-A583ABB4BD60}.Release|Any CPU.Build.0 = Release|Any CPU
		{EC3352BB-B96C-40E4-9C77-41C135954C88}.Debug|Any CPU.ActiveCfg = Debug|Any CPU
		{EC3352BB-B96C-40E4-9C77-41C135954C88}.Debug|Any CPU.Build.0 = Debug|Any CPU
		{EC3352BB-B96C-40E4-9C77-41C135954C88}.Release|Any CPU.ActiveCfg = Release|Any CPU
		{EC3352BB-B96C-40E4-9C77-41C135954C88}.Release|Any CPU.Build.0 = Release|Any CPU
		{D674AB5C-364E-41B8-B34A-1D9A56F708A2}.Debug|Any CPU.ActiveCfg = Debug|Any CPU
		{D674AB5C-364E-41B8-B34A-1D9A56F708A2}.Debug|Any CPU.Build.0 = Debug|Any CPU
		{D674AB5C-364E-41B8-B34A-1D9A56F708A2}.Release|Any CPU.ActiveCfg = Release|Any CPU
		{D674AB5C-364E-41B8-B34A-1D9A56F708A2}.Release|Any CPU.Build.0 = Release|Any CPU
	EndGlobalSection
	GlobalSection(NestedProjects) = preSolution
		{20237DE3-3387-47DC-B8FD-C2AFBB33E27F} = {4C907F19-F646-495E-AC43-4E896A5B3DFB}
		{CB841C4A-7D12-452C-B13C-31CCDEF6ECE3} = {4C907F19-F646-495E-AC43-4E896A5B3DFB}
		{D086C732-E518-4CF2-842C-A583ABB4BD60} = {DC8E0360-B649-4846-A5F1-A4215211501F}
		{EC3352BB-B96C-40E4-9C77-41C135954C88} = {4C907F19-F646-495E-AC43-4E896A5B3DFB}
		{D674AB5C-364E-41B8-B34A-1D9A56F708A2} = {DC8E0360-B649-4846-A5F1-A4215211501F}
	EndGlobalSection
EndGlobal
